
Microsoft Visual Studio Solution File, Format Version 12.00
# Visual Studio Version 17
VisualStudioVersion = 17.0.31903.59
MinimumVisualStudioVersion = 10.0.40219.1
Project("{FAE04EC0-301F-11D3-BF4B-00C04F79EFBC}") = "start_proj", "start_proj\start_proj.csproj", "{F19875C6-7E35-4B6C-9AC7-301A4D6BF2BD}"
EndProject
Global
	GlobalSection(SolutionConfigurationPlatforms) = preSolution
		Debug|Any CPU = Debug|Any CPU
		Release|Any CPU = Release|Any CPU
	EndGlobalSection
	GlobalSection(ProjectConfigurationPlatforms) = postSolution
		{F19875C6-7E35-4B6C-9AC7-301A4D6BF2BD}.Debug|Any CPU.ActiveCfg = Debug|Any CPU
		{F19875C6-7E35-4B6C-9AC7-301A4D6BF2BD}.Debug|Any CPU.Build.0 = Debug|Any CPU
		{F19875C6-7E35-4B6C-9AC7-301A4D6BF2BD}.Release|Any CPU.ActiveCfg = Release|Any CPU
		{F19875C6-7E35-4B6C-9AC7-301A4D6BF2BD}.Release|Any CPU.Build.0 = Release|Any CPU
	EndGlobalSection
	GlobalSection(SolutionProperties) = preSolution
		HideSolutionNode = FALSE
	EndGlobalSection
	GlobalSection(ExtensibilityGlobals) = postSolution
		SolutionGuid = {28AB2674-9F8F-4EAC-B948-B7C86FAF7E6C}
	EndGlobalSection
EndGlobal
